{
  "object": {
    "pins": [
      {
        "package": "vger",
        "repositoryURL": "https://github.com/audulus/vger.git",
        "state": {
          "branch": "main",
          "revision": "5d1dfd63435b1b35e2ac79eb7a47ae203500906d",
          "version": null
        }
      }
    ]
  },
  "version": 1
}
