{
  "object": {
    "pins": [
      {
        "package": "vger",
        "repositoryURL": "https://github.com/audulus/vger.git",
        "state": {
          "branch": "main",
          "revision": "4c86ae98044d27e966013c5668799fe24b0155ec",
          "version": null
        }
      }
    ]
  },
  "version": 1
}
