{
  "object": {
    "pins": [
      {
        "package": "vger",
        "repositoryURL": "https://github.com/audulus/vger.git",
        "state": {
          "branch": "main",
          "revision": "537869db23fae233eedc8d0b161df503aa0752fa",
          "version": null
        }
      }
    ]
  },
  "version": 1
}
