// !$*UTF8*$!
{
	archiveVersion = 1;
	classes = {
	};
	objectVersion = 52;
	objects = {

/* Begin PBXBuildFile section */
		29F372C726421D7F00B38055 /* VgerDemoApp.swift in Sources */ = {isa = PBXBuildFile; fileRef = 29F372B426421D7E00B38055 /* VgerDemoApp.swift */; };
		29F372C826421D7F00B38055 /* VgerDemoApp.swift in Sources */ = {isa = PBXBuildFile; fileRef = 29F372B426421D7E00B38055 /* VgerDemoApp.swift */; };
		29F372C926421D7F00B38055 /* ContentView.swift in Sources */ = {isa = PBXBuildFile; fileRef = 29F372B526421D7E00B38055 /* ContentView.swift */; };
		29F372CA26421D7F00B38055 /* ContentView.swift in Sources */ = {isa = PBXBuildFile; fileRef = 29F372B526421D7E00B38055 /* ContentView.swift */; };
		29F372CB26421D7F00B38055 /* Assets.xcassets in Resources */ = {isa = PBXBuildFile; fileRef = 29F372B626421D7F00B38055 /* Assets.xcassets */; };
		29F372CC26421D7F00B38055 /* Assets.xcassets in Resources */ = {isa = PBXBuildFile; fileRef = 29F372B626421D7F00B38055 /* Assets.xcassets */; };
		29F372D626421DD200B38055 /* Renderer.swift in Sources */ = {isa = PBXBuildFile; fileRef = 29F372D526421DD200B38055 /* Renderer.swift */; };
		29F372D726421DD200B38055 /* Renderer.swift in Sources */ = {isa = PBXBuildFile; fileRef = 29F372D526421DD200B38055 /* Renderer.swift */; };
		29F372DA26421E2A00B38055 /* vger in Frameworks */ = {isa = PBXBuildFile; productRef = 29F372D926421E2A00B38055 /* vger */; };
		29F372DC26421E7F00B38055 /* MTKView+ContentScaleFactor.swift in Sources */ = {isa = PBXBuildFile; fileRef = 29F372DB26421E5500B38055 /* MTKView+ContentScaleFactor.swift */; };
		29F372DE2642205300B38055 /* VgerView.swift in Sources */ = {isa = PBXBuildFile; fileRef = 29F372DD2642205300B38055 /* VgerView.swift */; };
		29F372E2264222BE00B38055 /* vger in Frameworks */ = {isa = PBXBuildFile; productRef = 29F372E1264222BE00B38055 /* vger */; };
		29F372E3264222D200B38055 /* VgerView.swift in Sources */ = {isa = PBXBuildFile; fileRef = 29F372DF264222A700B38055 /* VgerView.swift */; };
		29F372E5264223DE00B38055 /* DemoView.swift in Sources */ = {isa = PBXBuildFile; fileRef = 29F372E4264223DE00B38055 /* DemoView.swift */; };
		29F372E6264223DE00B38055 /* DemoView.swift in Sources */ = {isa = PBXBuildFile; fileRef = 29F372E4264223DE00B38055 /* DemoView.swift */; };
/* End PBXBuildFile section */

/* Begin PBXFileReference section */
		29F372B426421D7E00B38055 /* VgerDemoApp.swift */ = {isa = PBXFileReference; lastKnownFileType = sourcecode.swift; path = VgerDemoApp.swift; sourceTree = "<group>"; };
		29F372B526421D7E00B38055 /* ContentView.swift */ = {isa = PBXFileReference; lastKnownFileType = sourcecode.swift; path = ContentView.swift; sourceTree = "<group>"; };
		29F372B626421D7F00B38055 /* Assets.xcassets */ = {isa = PBXFileReference; lastKnownFileType = folder.assetcatalog; path = Assets.xcassets; sourceTree = "<group>"; };
		29F372BB26421D7F00B38055 /* VgerDemo.app */ = {isa = PBXFileReference; explicitFileType = wrapper.application; includeInIndex = 0; path = VgerDemo.app; sourceTree = BUILT_PRODUCTS_DIR; };
		29F372BE26421D7F00B38055 /* Info.plist */ = {isa = PBXFileReference; lastKnownFileType = text.plist.xml; path = Info.plist; sourceTree = "<group>"; };
		29F372C326421D7F00B38055 /* VgerDemo.app */ = {isa = PBXFileReference; explicitFileType = wrapper.application; includeInIndex = 0; path = VgerDemo.app; sourceTree = BUILT_PRODUCTS_DIR; };
		29F372C526421D7F00B38055 /* Info.plist */ = {isa = PBXFileReference; lastKnownFileType = text.plist.xml; path = Info.plist; sourceTree = "<group>"; };
		29F372C626421D7F00B38055 /* macOS.entitlements */ = {isa = PBXFileReference; lastKnownFileType = text.plist.entitlements; path = macOS.entitlements; sourceTree = "<group>"; };
		29F372D526421DD200B38055 /* Renderer.swift */ = {isa = PBXFileReference; lastKnownFileType = sourcecode.swift; path = Renderer.swift; sourceTree = "<group>"; };
		29F372DB26421E5500B38055 /* MTKView+ContentScaleFactor.swift */ = {isa = PBXFileReference; lastKnownFileType = sourcecode.swift; path = "MTKView+ContentScaleFactor.swift"; sourceTree = "<group>"; };
		29F372DD2642205300B38055 /* VgerView.swift */ = {isa = PBXFileReference; lastKnownFileType = sourcecode.swift; path = VgerView.swift; sourceTree = "<group>"; };
		29F372DF264222A700B38055 /* VgerView.swift */ = {isa = PBXFileReference; lastKnownFileType = sourcecode.swift; path = VgerView.swift; sourceTree = "<group>"; };
		29F372E4264223DE00B38055 /* DemoView.swift */ = {isa = PBXFileReference; lastKnownFileType = sourcecode.swift; path = DemoView.swift; sourceTree = "<group>"; };
/* End PBXFileReference section */

/* Begin PBXFrameworksBuildPhase section */
		29F372B826421D7F00B38055 /* Frameworks */ = {
			isa = PBXFrameworksBuildPhase;
			buildActionMask = 2147483647;
			files = (
				29F372E2264222BE00B38055 /* vger in Frameworks */,
			);
			runOnlyForDeploymentPostprocessing = 0;
		};
		29F372C026421D7F00B38055 /* Frameworks */ = {
			isa = PBXFrameworksBuildPhase;
			buildActionMask = 2147483647;
			files = (
				29F372DA26421E2A00B38055 /* vger in Frameworks */,
			);
			runOnlyForDeploymentPostprocessing = 0;
		};
/* End PBXFrameworksBuildPhase section */

/* Begin PBXGroup section */
		29F372AE26421D7E00B38055 = {
			isa = PBXGroup;
			children = (
				29F372B326421D7E00B38055 /* Shared */,
				29F372BD26421D7F00B38055 /* iOS */,
				29F372C426421D7F00B38055 /* macOS */,
				29F372BC26421D7F00B38055 /* Products */,
				29F372E0264222BE00B38055 /* Frameworks */,
			);
			sourceTree = "<group>";
		};
		29F372B326421D7E00B38055 /* Shared */ = {
			isa = PBXGroup;
			children = (
				29F372B426421D7E00B38055 /* VgerDemoApp.swift */,
				29F372B526421D7E00B38055 /* ContentView.swift */,
				29F372B626421D7F00B38055 /* Assets.xcassets */,
				29F372D526421DD200B38055 /* Renderer.swift */,
				29F372E4264223DE00B38055 /* DemoView.swift */,
			);
			path = Shared;
			sourceTree = "<group>";
		};
		29F372BC26421D7F00B38055 /* Products */ = {
			isa = PBXGroup;
			children = (
				29F372BB26421D7F00B38055 /* VgerDemo.app */,
				29F372C326421D7F00B38055 /* VgerDemo.app */,
			);
			name = Products;
			sourceTree = "<group>";
		};
		29F372BD26421D7F00B38055 /* iOS */ = {
			isa = PBXGroup;
			children = (
				29F372DF264222A700B38055 /* VgerView.swift */,
				29F372BE26421D7F00B38055 /* Info.plist */,
			);
			path = iOS;
			sourceTree = "<group>";
		};
		29F372C426421D7F00B38055 /* macOS */ = {
			isa = PBXGroup;
			children = (
				29F372DB26421E5500B38055 /* MTKView+ContentScaleFactor.swift */,
				29F372C526421D7F00B38055 /* Info.plist */,
				29F372C626421D7F00B38055 /* macOS.entitlements */,
				29F372DD2642205300B38055 /* VgerView.swift */,
			);
			path = macOS;
			sourceTree = "<group>";
		};
		29F372E0264222BE00B38055 /* Frameworks */ = {
			isa = PBXGroup;
			children = (
			);
			name = Frameworks;
			sourceTree = "<group>";
		};
/* End PBXGroup section */

/* Begin PBXNativeTarget section */
		29F372BA26421D7F00B38055 /* VgerDemo (iOS) */ = {
			isa = PBXNativeTarget;
			buildConfigurationList = 29F372CF26421D7F00B38055 /* Build configuration list for PBXNativeTarget "VgerDemo (iOS)" */;
			buildPhases = (
				29F372B726421D7F00B38055 /* Sources */,
				29F372B826421D7F00B38055 /* Frameworks */,
				29F372B926421D7F00B38055 /* Resources */,
			);
			buildRules = (
			);
			dependencies = (
			);
			name = "VgerDemo (iOS)";
			packageProductDependencies = (
				29F372E1264222BE00B38055 /* vger */,
			);
			productName = "VgerDemo (iOS)";
			productReference = 29F372BB26421D7F00B38055 /* VgerDemo.app */;
			productType = "com.apple.product-type.application";
		};
		29F372C226421D7F00B38055 /* VgerDemo (macOS) */ = {
			isa = PBXNativeTarget;
			buildConfigurationList = 29F372D226421D7F00B38055 /* Build configuration list for PBXNativeTarget "VgerDemo (macOS)" */;
			buildPhases = (
				29F372BF26421D7F00B38055 /* Sources */,
				29F372C026421D7F00B38055 /* Frameworks */,
				29F372C126421D7F00B38055 /* Resources */,
			);
			buildRules = (
			);
			dependencies = (
			);
			name = "VgerDemo (macOS)";
			packageProductDependencies = (
				29F372D926421E2A00B38055 /* vger */,
			);
			productName = "VgerDemo (macOS)";
			productReference = 29F372C326421D7F00B38055 /* VgerDemo.app */;
			productType = "com.apple.product-type.application";
		};
/* End PBXNativeTarget section */

/* Begin PBXProject section */
		29F372AF26421D7E00B38055 /* Project object */ = {
			isa = PBXProject;
			attributes = {
				LastSwiftUpdateCheck = 1250;
				LastUpgradeCheck = 1250;
				TargetAttributes = {
					29F372BA26421D7F00B38055 = {
						CreatedOnToolsVersion = 12.5;
					};
					29F372C226421D7F00B38055 = {
						CreatedOnToolsVersion = 12.5;
					};
				};
			};
			buildConfigurationList = 29F372B226421D7E00B38055 /* Build configuration list for PBXProject "VgerDemo" */;
			compatibilityVersion = "Xcode 9.3";
			developmentRegion = en;
			hasScannedForEncodings = 0;
			knownRegions = (
				en,
				Base,
			);
			mainGroup = 29F372AE26421D7E00B38055;
			packageReferences = (
				29F372D826421E2A00B38055 /* XCRemoteSwiftPackageReference "vger" */,
			);
			productRefGroup = 29F372BC26421D7F00B38055 /* Products */;
			projectDirPath = "";
			projectRoot = "";
			targets = (
				29F372BA26421D7F00B38055 /* VgerDemo (iOS) */,
				29F372C226421D7F00B38055 /* VgerDemo (macOS) */,
			);
		};
/* End PBXProject section */

/* Begin PBXResourcesBuildPhase section */
		29F372B926421D7F00B38055 /* Resources */ = {
			isa = PBXResourcesBuildPhase;
			buildActionMask = 2147483647;
			files = (
				29F372CB26421D7F00B38055 /* Assets.xcassets in Resources */,
			);
			runOnlyForDeploymentPostprocessing = 0;
		};
		29F372C126421D7F00B38055 /* Resources */ = {
			isa = PBXResourcesBuildPhase;
			buildActionMask = 2147483647;
			files = (
				29F372CC26421D7F00B38055 /* Assets.xcassets in Resources */,
			);
			runOnlyForDeploymentPostprocessing = 0;
		};
/* End PBXResourcesBuildPhase section */

/* Begin PBXSourcesBuildPhase section */
		29F372B726421D7F00B38055 /* Sources */ = {
			isa = PBXSourcesBuildPhase;
			buildActionMask = 2147483647;
			files = (
				29F372E3264222D200B38055 /* VgerView.swift in Sources */,
				29F372C926421D7F00B38055 /* ContentView.swift in Sources */,
				29F372D626421DD200B38055 /* Renderer.swift in Sources */,
				29F372E5264223DE00B38055 /* DemoView.swift in Sources */,
				29F372C726421D7F00B38055 /* VgerDemoApp.swift in Sources */,
			);
			runOnlyForDeploymentPostprocessing = 0;
		};
		29F372BF26421D7F00B38055 /* Sources */ = {
			isa = PBXSourcesBuildPhase;
			buildActionMask = 2147483647;
			files = (
				29F372CA26421D7F00B38055 /* ContentView.swift in Sources */,
				29F372E6264223DE00B38055 /* DemoView.swift in Sources */,
				29F372DE2642205300B38055 /* VgerView.swift in Sources */,
				29F372D726421DD200B38055 /* Renderer.swift in Sources */,
				29F372DC26421E7F00B38055 /* MTKView+ContentScaleFactor.swift in Sources */,
				29F372C826421D7F00B38055 /* VgerDemoApp.swift in Sources */,
			);
			runOnlyForDeploymentPostprocessing = 0;
		};
/* End PBXSourcesBuildPhase section */

/* Begin XCBuildConfiguration section */
		29F372CD26421D7F00B38055 /* Debug */ = {
			isa = XCBuildConfiguration;
			buildSettings = {
				ALWAYS_SEARCH_USER_PATHS = NO;
				CLANG_ANALYZER_NONNULL = YES;
				CLANG_ANALYZER_NUMBER_OBJECT_CONVERSION = YES_AGGRESSIVE;
				CLANG_CXX_LANGUAGE_STANDARD = "gnu++14";
				CLANG_CXX_LIBRARY = "libc++";
				CLANG_ENABLE_MODULES = YES;
				CLANG_ENABLE_OBJC_ARC = YES;
				CLANG_ENABLE_OBJC_WEAK = YES;
				CLANG_WARN_BLOCK_CAPTURE_AUTORELEASING = YES;
				CLANG_WARN_BOOL_CONVERSION = YES;
				CLANG_WARN_COMMA = YES;
				CLANG_WARN_CONSTANT_CONVERSION = YES;
				CLANG_WARN_DEPRECATED_OBJC_IMPLEMENTATIONS = YES;
				CLANG_WARN_DIRECT_OBJC_ISA_USAGE = YES_ERROR;
				CLANG_WARN_DOCUMENTATION_COMMENTS = YES;
				CLANG_WARN_EMPTY_BODY = YES;
				CLANG_WARN_ENUM_CONVERSION = YES;
				CLANG_WARN_INFINITE_RECURSION = YES;
				CLANG_WARN_INT_CONVERSION = YES;
				CLANG_WARN_NON_LITERAL_NULL_CONVERSION = YES;
				CLANG_WARN_OBJC_IMPLICIT_RETAIN_SELF = YES;
				CLANG_WARN_OBJC_LITERAL_CONVERSION = YES;
				CLANG_WARN_OBJC_ROOT_CLASS = YES_ERROR;
				CLANG_WARN_QUOTED_INCLUDE_IN_FRAMEWORK_HEADER = YES;
				CLANG_WARN_RANGE_LOOP_ANALYSIS = YES;
				CLANG_WARN_STRICT_PROTOTYPES = YES;
				CLANG_WARN_SUSPICIOUS_MOVE = YES;
				CLANG_WARN_UNGUARDED_AVAILABILITY = YES_AGGRESSIVE;
				CLANG_WARN_UNREACHABLE_CODE = YES;
				CLANG_WARN__DUPLICATE_METHOD_MATCH = YES;
				COPY_PHASE_STRIP = NO;
				DEBUG_INFORMATION_FORMAT = dwarf;
				ENABLE_STRICT_OBJC_MSGSEND = YES;
				ENABLE_TESTABILITY = YES;
				GCC_C_LANGUAGE_STANDARD = gnu11;
				GCC_DYNAMIC_NO_PIC = NO;
				GCC_NO_COMMON_BLOCKS = YES;
				GCC_OPTIMIZATION_LEVEL = 0;
				GCC_PREPROCESSOR_DEFINITIONS = (
					"DEBUG=1",
					"$(inherited)",
				);
				GCC_WARN_64_TO_32_BIT_CONVERSION = YES;
				GCC_WARN_ABOUT_RETURN_TYPE = YES_ERROR;
				GCC_WARN_UNDECLARED_SELECTOR = YES;
				GCC_WARN_UNINITIALIZED_AUTOS = YES_AGGRESSIVE;
				GCC_WARN_UNUSED_FUNCTION = YES;
				GCC_WARN_UNUSED_VARIABLE = YES;
				MTL_ENABLE_DEBUG_INFO = INCLUDE_SOURCE;
				MTL_FAST_MATH = YES;
				ONLY_ACTIVE_ARCH = YES;
				SWIFT_ACTIVE_COMPILATION_CONDITIONS = DEBUG;
				SWIFT_OPTIMIZATION_LEVEL = "-Onone";
			};
			name = Debug;
		};
		29F372CE26421D7F00B38055 /* Release */ = {
			isa = XCBuildConfiguration;
			buildSettings = {
				ALWAYS_SEARCH_USER_PATHS = NO;
				CLANG_ANALYZER_NONNULL = YES;
				CLANG_ANALYZER_NUMBER_OBJECT_CONVERSION = YES_AGGRESSIVE;
				CLANG_CXX_LANGUAGE_STANDARD = "gnu++14";
				CLANG_CXX_LIBRARY = "libc++";
				CLANG_ENABLE_MODULES = YES;
				CLANG_ENABLE_OBJC_ARC = YES;
				CLANG_ENABLE_OBJC_WEAK = YES;
				CLANG_WARN_BLOCK_CAPTURE_AUTORELEASING = YES;
				CLANG_WARN_BOOL_CONVERSION = YES;
				CLANG_WARN_COMMA = YES;
				CLANG_WARN_CONSTANT_CONVERSION = YES;
				CLANG_WARN_DEPRECATED_OBJC_IMPLEMENTATIONS = YES;
				CLANG_WARN_DIRECT_OBJC_ISA_USAGE = YES_ERROR;
				CLANG_WARN_DOCUMENTATION_COMMENTS = YES;
				CLANG_WARN_EMPTY_BODY = YES;
				CLANG_WARN_ENUM_CONVERSION = YES;
				CLANG_WARN_INFINITE_RECURSION = YES;
				CLANG_WARN_INT_CONVERSION = YES;
				CLANG_WARN_NON_LITERAL_NULL_CONVERSION = YES;
				CLANG_WARN_OBJC_IMPLICIT_RETAIN_SELF = YES;
				CLANG_WARN_OBJC_LITERAL_CONVERSION = YES;
				CLANG_WARN_OBJC_ROOT_CLASS = YES_ERROR;
				CLANG_WARN_QUOTED_INCLUDE_IN_FRAMEWORK_HEADER = YES;
				CLANG_WARN_RANGE_LOOP_ANALYSIS = YES;
				CLANG_WARN_STRICT_PROTOTYPES = YES;
				CLANG_WARN_SUSPICIOUS_MOVE = YES;
				CLANG_WARN_UNGUARDED_AVAILABILITY = YES_AGGRESSIVE;
				CLANG_WARN_UNREACHABLE_CODE = YES;
				CLANG_WARN__DUPLICATE_METHOD_MATCH = YES;
				COPY_PHASE_STRIP = NO;
				DEBUG_INFORMATION_FORMAT = "dwarf-with-dsym";
				ENABLE_NS_ASSERTIONS = NO;
				ENABLE_STRICT_OBJC_MSGSEND = YES;
				GCC_C_LANGUAGE_STANDARD = gnu11;
				GCC_NO_COMMON_BLOCKS = YES;
				GCC_WARN_64_TO_32_BIT_CONVERSION = YES;
				GCC_WARN_ABOUT_RETURN_TYPE = YES_ERROR;
				GCC_WARN_UNDECLARED_SELECTOR = YES;
				GCC_WARN_UNINITIALIZED_AUTOS = YES_AGGRESSIVE;
				GCC_WARN_UNUSED_FUNCTION = YES;
				GCC_WARN_UNUSED_VARIABLE = YES;
				MTL_ENABLE_DEBUG_INFO = NO;
				MTL_FAST_MATH = YES;
				SWIFT_COMPILATION_MODE = wholemodule;
				SWIFT_OPTIMIZATION_LEVEL = "-O";
			};
			name = Release;
		};
		29F372D026421D7F00B38055 /* Debug */ = {
			isa = XCBuildConfiguration;
			buildSettings = {
				ASSETCATALOG_COMPILER_APPICON_NAME = AppIcon;
				ASSETCATALOG_COMPILER_GLOBAL_ACCENT_COLOR_NAME = AccentColor;
				CODE_SIGN_STYLE = Automatic;
				DEVELOPMENT_TEAM = J6F2XLS3BY;
				ENABLE_PREVIEWS = YES;
				INFOPLIST_FILE = iOS/Info.plist;
				IPHONEOS_DEPLOYMENT_TARGET = 14.0;
				LD_RUNPATH_SEARCH_PATHS = (
					"$(inherited)",
					"@executable_path/Frameworks",
				);
				PRODUCT_BUNDLE_IDENTIFIER = com.audulus.VgerDemo;
				PRODUCT_NAME = VgerDemo;
				SDKROOT = iphoneos;
				SWIFT_VERSION = 5.0;
				TARGETED_DEVICE_FAMILY = "1,2";
			};
			name = Debug;
		};
		29F372D126421D7F00B38055 /* Release */ = {
			isa = XCBuildConfiguration;
			buildSettings = {
				ASSETCATALOG_COMPILER_APPICON_NAME = AppIcon;
				ASSETCATALOG_COMPILER_GLOBAL_ACCENT_COLOR_NAME = AccentColor;
				CODE_SIGN_STYLE = Automatic;
				DEVELOPMENT_TEAM = J6F2XLS3BY;
				ENABLE_PREVIEWS = YES;
				INFOPLIST_FILE = iOS/Info.plist;
				IPHONEOS_DEPLOYMENT_TARGET = 14.0;
				LD_RUNPATH_SEARCH_PATHS = (
					"$(inherited)",
					"@executable_path/Frameworks",
				);
				PRODUCT_BUNDLE_IDENTIFIER = com.audulus.VgerDemo;
				PRODUCT_NAME = VgerDemo;
				SDKROOT = iphoneos;
				SWIFT_VERSION = 5.0;
				TARGETED_DEVICE_FAMILY = "1,2";
				VALIDATE_PRODUCT = YES;
			};
			name = Release;
		};
		29F372D326421D7F00B38055 /* Debug */ = {
			isa = XCBuildConfiguration;
			buildSettings = {
				ASSETCATALOG_COMPILER_APPICON_NAME = AppIcon;
				ASSETCATALOG_COMPILER_GLOBAL_ACCENT_COLOR_NAME = AccentColor;
				CODE_SIGN_ENTITLEMENTS = macOS/macOS.entitlements;
				CODE_SIGN_STYLE = Automatic;
				COMBINE_HIDPI_IMAGES = YES;
				ENABLE_PREVIEWS = YES;
				INFOPLIST_FILE = macOS/Info.plist;
				LD_RUNPATH_SEARCH_PATHS = (
					"$(inherited)",
					"@executable_path/../Frameworks",
				);
				MACOSX_DEPLOYMENT_TARGET = 11.0;
				PRODUCT_BUNDLE_IDENTIFIER = com.audulus.VgerDemo;
				PRODUCT_NAME = VgerDemo;
				SDKROOT = macosx;
				SWIFT_VERSION = 5.0;
			};
			name = Debug;
		};
		29F372D426421D7F00B38055 /* Release */ = {
			isa = XCBuildConfiguration;
			buildSettings = {
				ASSETCATALOG_COMPILER_APPICON_NAME = AppIcon;
				ASSETCATALOG_COMPILER_GLOBAL_ACCENT_COLOR_NAME = AccentColor;
				CODE_SIGN_ENTITLEMENTS = macOS/macOS.entitlements;
				CODE_SIGN_STYLE = Automatic;
				COMBINE_HIDPI_IMAGES = YES;
				ENABLE_PREVIEWS = YES;
				INFOPLIST_FILE = macOS/Info.plist;
				LD_RUNPATH_SEARCH_PATHS = (
					"$(inherited)",
					"@executable_path/../Frameworks",
				);
				MACOSX_DEPLOYMENT_TARGET = 11.0;
				PRODUCT_BUNDLE_IDENTIFIER = com.audulus.VgerDemo;
				PRODUCT_NAME = VgerDemo;
				SDKROOT = macosx;
				SWIFT_VERSION = 5.0;
			};
			name = Release;
		};
/* End XCBuildConfiguration section */

/* Begin XCConfigurationList section */
		29F372B226421D7E00B38055 /* Build configuration list for PBXProject "VgerDemo" */ = {
			isa = XCConfigurationList;
			buildConfigurations = (
				29F372CD26421D7F00B38055 /* Debug */,
				29F372CE26421D7F00B38055 /* Release */,
			);
			defaultConfigurationIsVisible = 0;
			defaultConfigurationName = Release;
		};
		29F372CF26421D7F00B38055 /* Build configuration list for PBXNativeTarget "VgerDemo (iOS)" */ = {
			isa = XCConfigurationList;
			buildConfigurations = (
				29F372D026421D7F00B38055 /* Debug */,
				29F372D126421D7F00B38055 /* Release */,
			);
			defaultConfigurationIsVisible = 0;
			defaultConfigurationName = Release;
		};
		29F372D226421D7F00B38055 /* Build configuration list for PBXNativeTarget "VgerDemo (macOS)" */ = {
			isa = XCConfigurationList;
			buildConfigurations = (
				29F372D326421D7F00B38055 /* Debug */,
				29F372D426421D7F00B38055 /* Release */,
			);
			defaultConfigurationIsVisible = 0;
			defaultConfigurationName = Release;
		};
/* End XCConfigurationList section */

/* Begin XCRemoteSwiftPackageReference section */
		29F372D826421E2A00B38055 /* XCRemoteSwiftPackageReference "vger" */ = {
			isa = XCRemoteSwiftPackageReference;
			repositoryURL = "https://github.com/audulus/vger.git";
			requirement = {
				branch = main;
				kind = branch;
			};
		};
/* End XCRemoteSwiftPackageReference section */

/* Begin XCSwiftPackageProductDependency section */
		29F372D926421E2A00B38055 /* vger */ = {
			isa = XCSwiftPackageProductDependency;
			package = 29F372D826421E2A00B38055 /* XCRemoteSwiftPackageReference "vger" */;
			productName = vger;
		};
		29F372E1264222BE00B38055 /* vger */ = {
			isa = XCSwiftPackageProductDependency;
			package = 29F372D826421E2A00B38055 /* XCRemoteSwiftPackageReference "vger" */;
			productName = vger;
		};
/* End XCSwiftPackageProductDependency section */
	};
	rootObject = 29F372AF26421D7E00B38055 /* Project object */;
}
